
Microsoft Visual Studio Solution File, Format Version 12.00
# Visual Studio 15
VisualStudioVersion = 15.0.28307.329
MinimumVisualStudioVersion = 10.0.40219.1
Project("{FAE04EC0-301F-11D3-BF4B-00C04F79EFBC}") = "PatronProxy", "PatronProxy\PatronProxy.csproj", "{D5C9741F-0CA8-4BED-BC58-D0807B04CFDC}"
EndProject
Global
	GlobalSection(SolutionConfigurationPlatforms) = preSolution
		Debug|Any CPU = Debug|Any CPU
		Release|Any CPU = Release|Any CPU
	EndGlobalSection
	GlobalSection(ProjectConfigurationPlatforms) = postSolution
		{D5C9741F-0CA8-4BED-BC58-D0807B04CFDC}.Debug|Any CPU.ActiveCfg = Debug|Any CPU
		{D5C9741F-0CA8-4BED-BC58-D0807B04CFDC}.Debug|Any CPU.Build.0 = Debug|Any CPU
		{D5C9741F-0CA8-4BED-BC58-D0807B04CFDC}.Release|Any CPU.ActiveCfg = Release|Any CPU
		{D5C9741F-0CA8-4BED-BC58-D0807B04CFDC}.Release|Any CPU.Build.0 = Release|Any CPU
	EndGlobalSection
	GlobalSection(SolutionProperties) = preSolution
		HideSolutionNode = FALSE
	EndGlobalSection
	GlobalSection(ExtensibilityGlobals) = postSolution
		SolutionGuid = {8C4E19AE-B381-4C09-A18F-0E426267E173}
	EndGlobalSection
EndGlobal
